
Microsoft Visual Studio Solution File, Format Version 12.00
# Visual Studio Version 17
VisualStudioVersion = 17.4.33213.308
MinimumVisualStudioVersion = 10.0.40219.1
Project("{FAE04EC0-301F-11D3-BF4B-00C04F79EFBC}") = "EventsDemo", "EventsDemo.csproj", "{40EAB879-BA84-4F7F-AFF5-A313697D352F}"
EndProject
Global
	GlobalSection(SolutionConfigurationPlatforms) = preSolution
		Debug|Any CPU = Debug|Any CPU
		Release|Any CPU = Release|Any CPU
	EndGlobalSection
	GlobalSection(ProjectConfigurationPlatforms) = postSolution
		{40EAB879-BA84-4F7F-AFF5-A313697D352F}.Debug|Any CPU.ActiveCfg = Debug|Any CPU
		{40EAB879-BA84-4F7F-AFF5-A313697D352F}.Debug|Any CPU.Build.0 = Debug|Any CPU
		{40EAB879-BA84-4F7F-AFF5-A313697D352F}.Release|Any CPU.ActiveCfg = Release|Any CPU
		{40EAB879-BA84-4F7F-AFF5-A313697D352F}.Release|Any CPU.Build.0 = Release|Any CPU
	EndGlobalSection
	GlobalSection(SolutionProperties) = preSolution
		HideSolutionNode = FALSE
	EndGlobalSection
	GlobalSection(ExtensibilityGlobals) = postSolution
		SolutionGuid = {EF559C29-FA48-406F-AFEB-28A2706F01BC}
	EndGlobalSection
EndGlobal
