
Microsoft Visual Studio Solution File, Format Version 12.00
# Visual Studio Version 17
VisualStudioVersion = 17.4.33213.308
MinimumVisualStudioVersion = 10.0.40219.1
Project("{FAE04EC0-301F-11D3-BF4B-00C04F79EFBC}") = "WPFPractice", "WPFPractice.csproj", "{3D2838DD-EF27-49C3-B0C9-35592D5CF73B}"
EndProject
Global
	GlobalSection(SolutionConfigurationPlatforms) = preSolution
		Debug|Any CPU = Debug|Any CPU
		Release|Any CPU = Release|Any CPU
	EndGlobalSection
	GlobalSection(ProjectConfigurationPlatforms) = postSolution
		{3D2838DD-EF27-49C3-B0C9-35592D5CF73B}.Debug|Any CPU.ActiveCfg = Debug|Any CPU
		{3D2838DD-EF27-49C3-B0C9-35592D5CF73B}.Debug|Any CPU.Build.0 = Debug|Any CPU
		{3D2838DD-EF27-49C3-B0C9-35592D5CF73B}.Release|Any CPU.ActiveCfg = Release|Any CPU
		{3D2838DD-EF27-49C3-B0C9-35592D5CF73B}.Release|Any CPU.Build.0 = Release|Any CPU
	EndGlobalSection
	GlobalSection(SolutionProperties) = preSolution
		HideSolutionNode = FALSE
	EndGlobalSection
	GlobalSection(ExtensibilityGlobals) = postSolution
		SolutionGuid = {E2D07345-8AE6-465E-BB0D-A08CFB17EE5F}
	EndGlobalSection
EndGlobal
