
Microsoft Visual Studio Solution File, Format Version 12.00
# Visual Studio Version 17
VisualStudioVersion = 17.4.33213.308
MinimumVisualStudioVersion = 10.0.40219.1
Project("{FAE04EC0-301F-11D3-BF4B-00C04F79EFBC}") = "resourceDemo", "resourceDemo.csproj", "{FA495FA9-7F48-47AA-8F75-7A91C2BF8610}"
EndProject
Global
	GlobalSection(SolutionConfigurationPlatforms) = preSolution
		Debug|Any CPU = Debug|Any CPU
		Release|Any CPU = Release|Any CPU
	EndGlobalSection
	GlobalSection(ProjectConfigurationPlatforms) = postSolution
		{FA495FA9-7F48-47AA-8F75-7A91C2BF8610}.Debug|Any CPU.ActiveCfg = Debug|Any CPU
		{FA495FA9-7F48-47AA-8F75-7A91C2BF8610}.Debug|Any CPU.Build.0 = Debug|Any CPU
		{FA495FA9-7F48-47AA-8F75-7A91C2BF8610}.Release|Any CPU.ActiveCfg = Release|Any CPU
		{FA495FA9-7F48-47AA-8F75-7A91C2BF8610}.Release|Any CPU.Build.0 = Release|Any CPU
	EndGlobalSection
	GlobalSection(SolutionProperties) = preSolution
		HideSolutionNode = FALSE
	EndGlobalSection
	GlobalSection(ExtensibilityGlobals) = postSolution
		SolutionGuid = {468C86F4-BCE6-4F80-9B07-81607F5A9286}
	EndGlobalSection
EndGlobal
