
Microsoft Visual Studio Solution File, Format Version 12.00
# Visual Studio Version 17
VisualStudioVersion = 17.4.33213.308
MinimumVisualStudioVersion = 10.0.40219.1
Project("{FAE04EC0-301F-11D3-BF4B-00C04F79EFBC}") = "dispatcherDemo_WPF", "dispatcherDemo_WPF.csproj", "{194FE5FE-6A73-47D5-B3FA-35FE549D123A}"
EndProject
Global
	GlobalSection(SolutionConfigurationPlatforms) = preSolution
		Debug|Any CPU = Debug|Any CPU
		Release|Any CPU = Release|Any CPU
	EndGlobalSection
	GlobalSection(ProjectConfigurationPlatforms) = postSolution
		{194FE5FE-6A73-47D5-B3FA-35FE549D123A}.Debug|Any CPU.ActiveCfg = Debug|Any CPU
		{194FE5FE-6A73-47D5-B3FA-35FE549D123A}.Debug|Any CPU.Build.0 = Debug|Any CPU
		{194FE5FE-6A73-47D5-B3FA-35FE549D123A}.Release|Any CPU.ActiveCfg = Release|Any CPU
		{194FE5FE-6A73-47D5-B3FA-35FE549D123A}.Release|Any CPU.Build.0 = Release|Any CPU
	EndGlobalSection
	GlobalSection(SolutionProperties) = preSolution
		HideSolutionNode = FALSE
	EndGlobalSection
	GlobalSection(ExtensibilityGlobals) = postSolution
		SolutionGuid = {221A7856-EAA8-4E56-BBA1-DAB92D635274}
	EndGlobalSection
EndGlobal
